
Microsoft Visual Studio Solution File, Format Version 12.00
# Visual Studio Version 17
VisualStudioVersion = 17.6.33723.286
MinimumVisualStudioVersion = 10.0.40219.1
Project("{FAE04EC0-301F-11D3-BF4B-00C04F79EFBC}") = "BlazorPokedex.Client", "BlazorPokedex.Client\BlazorPokedex.Client.csproj", "{06CDAA5F-8631-48DE-8AC8-E6C710A7987D}"
EndProject
Project("{FAE04EC0-301F-11D3-BF4B-00C04F79EFBC}") = "BlazorPokedex.Models", "BlazorPokedex.Models\BlazorPokedex.Models.csproj", "{BFC672F6-9FC2-4D0F-AFBF-841FC3D14EF5}"
EndProject
Project("{FAE04EC0-301F-11D3-BF4B-00C04F79EFBC}") = "BlazorPokedex.Services", "BlazorPokedex.Services\BlazorPokedex.Services.csproj", "{EFB02FBA-BFE5-4869-9499-A01791EC2A98}"
EndProject
Global
	GlobalSection(SolutionConfigurationPlatforms) = preSolution
		Debug|Any CPU = Debug|Any CPU
		Release|Any CPU = Release|Any CPU
	EndGlobalSection
	GlobalSection(ProjectConfigurationPlatforms) = postSolution
		{06CDAA5F-8631-48DE-8AC8-E6C710A7987D}.Debug|Any CPU.ActiveCfg = Debug|Any CPU
		{06CDAA5F-8631-48DE-8AC8-E6C710A7987D}.Debug|Any CPU.Build.0 = Debug|Any CPU
		{06CDAA5F-8631-48DE-8AC8-E6C710A7987D}.Release|Any CPU.ActiveCfg = Release|Any CPU
		{06CDAA5F-8631-48DE-8AC8-E6C710A7987D}.Release|Any CPU.Build.0 = Release|Any CPU
		{BFC672F6-9FC2-4D0F-AFBF-841FC3D14EF5}.Debug|Any CPU.ActiveCfg = Debug|Any CPU
		{BFC672F6-9FC2-4D0F-AFBF-841FC3D14EF5}.Debug|Any CPU.Build.0 = Debug|Any CPU
		{BFC672F6-9FC2-4D0F-AFBF-841FC3D14EF5}.Release|Any CPU.ActiveCfg = Release|Any CPU
		{BFC672F6-9FC2-4D0F-AFBF-841FC3D14EF5}.Release|Any CPU.Build.0 = Release|Any CPU
		{EFB02FBA-BFE5-4869-9499-A01791EC2A98}.Debug|Any CPU.ActiveCfg = Debug|Any CPU
		{EFB02FBA-BFE5-4869-9499-A01791EC2A98}.Debug|Any CPU.Build.0 = Debug|Any CPU
		{EFB02FBA-BFE5-4869-9499-A01791EC2A98}.Release|Any CPU.ActiveCfg = Release|Any CPU
		{EFB02FBA-BFE5-4869-9499-A01791EC2A98}.Release|Any CPU.Build.0 = Release|Any CPU
	EndGlobalSection
	GlobalSection(SolutionProperties) = preSolution
		HideSolutionNode = FALSE
	EndGlobalSection
	GlobalSection(ExtensibilityGlobals) = postSolution
		SolutionGuid = {2825E675-F753-4280-9118-A4CB9C5DA47F}
	EndGlobalSection
EndGlobal
